
Microsoft Visual Studio Solution File, Format Version 12.00
# Visual Studio Version 16
VisualStudioVersion = 16.0.29306.81
MinimumVisualStudioVersion = 10.0.40219.1
Project("{9A19103F-16F7-4668-BE54-9A1E7A4F7556}") = "lvmendes.Entidades", "lvmendes.Entidades\lvmendes.Entidades.csproj", "{4EE9FF2B-BD35-4255-9688-3644EDAB3FA9}"
EndProject
Project("{9A19103F-16F7-4668-BE54-9A1E7A4F7556}") = "lvmendes.Servicos", "lvmendes.Servico\lvmendes.Servicos.csproj", "{DBF09021-6CE0-46CA-A667-E90B36E5F2AB}"
EndProject
Project("{9A19103F-16F7-4668-BE54-9A1E7A4F7556}") = "Lvmendes.Repositorios", "Lvmendes.Repositorios\Lvmendes.Repositorios.csproj", "{CE430EA2-CC1E-419A-A01D-B37D3A95C380}"
EndProject
Project("{2150E333-8FDC-42A3-9474-1A3956D46DE8}") = "Usuario", "Usuario", "{76979C2A-8A40-48A4-A649-DA6D2003444C}"
EndProject
Project("{2150E333-8FDC-42A3-9474-1A3956D46DE8}") = "Produtos", "Produtos", "{8D0EF6CC-85CA-45F0-B02F-70A8337894F8}"
EndProject
Project("{2150E333-8FDC-42A3-9474-1A3956D46DE8}") = "Pagamentos", "Pagamentos", "{970551B7-8B58-4AC8-A815-A178C4FE9D87}"
EndProject
Project("{9A19103F-16F7-4668-BE54-9A1E7A4F7556}") = "Lvmendes.Entidades", "..\lvmendesProdutos\Lvmendes.Entidades\Lvmendes.Entidades.csproj", "{CF366B80-6438-4EF7-BC45-91DA4CD7C96E}"
EndProject
Project("{9A19103F-16F7-4668-BE54-9A1E7A4F7556}") = "lvmendes.Repositorios", "..\lvmendesProdutos\lvmendes.Repositorios\lvmendes.Repositorios.csproj", "{4415F057-02D5-49FC-8AFB-8801C57EDB7D}"
EndProject
Project("{9A19103F-16F7-4668-BE54-9A1E7A4F7556}") = "lvmendes.Servicos", "..\lvmendesProdutos\lvmendes.Servicos\lvmendes.Servicos.csproj", "{8F36CC97-5761-4ED6-8A07-A257C823B5FE}"
EndProject
Project("{9A19103F-16F7-4668-BE54-9A1E7A4F7556}") = "Lvmendes.Entidades", "..\LvmendesPagamento\Lvmendes.Entidades\Lvmendes.Entidades.csproj", "{AA4C91BE-7CD9-4CE8-8323-A67DFFA7443E}"
EndProject
Project("{9A19103F-16F7-4668-BE54-9A1E7A4F7556}") = "lvmendes.Repositorios", "..\LvmendesPagamento\lvmendes.Repositorios\lvmendes.Repositorios.csproj", "{55BC67F9-3393-4314-B5DF-AD2E779DAD34}"
EndProject
Project("{9A19103F-16F7-4668-BE54-9A1E7A4F7556}") = "lvmendes.Servicos", "..\LvmendesPagamento\lvmendes.Servicos\lvmendes.Servicos.csproj", "{D50F4863-A9F6-4661-A7AB-C9C0DCF4BC76}"
EndProject
Project("{9A19103F-16F7-4668-BE54-9A1E7A4F7556}") = "PagamentoApi", "..\LvmendesPagamento\PagamentoApi\PagamentoApi.csproj", "{D143D929-089A-4334-944A-A8E66B43D4B5}"
EndProject
Project("{9A19103F-16F7-4668-BE54-9A1E7A4F7556}") = "ProdutoApi", "..\lvmendesProdutos\ProdutoApi\ProdutoApi.csproj", "{A3A84F31-1FE0-4F5A-AB9F-8382A40C85AB}"
EndProject
Project("{9A19103F-16F7-4668-BE54-9A1E7A4F7556}") = "LoginApi", "LoginApi\LoginApi.csproj", "{753C12C9-7270-486C-910E-5B46049628D3}"
EndProject
Project("{9A19103F-16F7-4668-BE54-9A1E7A4F7556}") = "UsuarioTestes", "UsuarioTestes\UsuarioTestes.csproj", "{D3130768-F853-4B23-B831-CEC3981E7CAE}"
EndProject
Project("{9A19103F-16F7-4668-BE54-9A1E7A4F7556}") = "UsuarioWeb", "UsuaioWeb\UsuarioWeb.csproj", "{7DCB7529-6C30-4B88-9B8A-285F8FD78344}"
EndProject
Project("{2150E333-8FDC-42A3-9474-1A3956D46DE8}") = "Clientes", "Clientes", "{65BCF718-0BAC-4EA5-B0D6-9FCEF1C13527}"
EndProject
Project("{9A19103F-16F7-4668-BE54-9A1E7A4F7556}") = "Lvmendes.Cliente.Entidades", "..\LvmendesCliente\Lvmendes.Cliente.Entidades\Lvmendes.Cliente.Entidades.csproj", "{17DC688F-B139-4ECF-AA9D-AE12A84BF679}"
EndProject
Project("{9A19103F-16F7-4668-BE54-9A1E7A4F7556}") = "Lvmendes.Cliente.Repositorio", "..\LvmendesCliente\Lvmendes.Cliente.Repositorio\Lvmendes.Cliente.Repositorio.csproj", "{15850426-0B83-40C1-8D0C-E772D9B2C0D1}"
EndProject
Project("{9A19103F-16F7-4668-BE54-9A1E7A4F7556}") = "Lvmendes.Cliente.Servico", "..\LvmendesCliente\Lvmendes.Cliente.Servico\Lvmendes.Cliente.Servico.csproj", "{A09B0F32-7103-45C1-84E1-525E3708A75D}"
EndProject
Project("{9A19103F-16F7-4668-BE54-9A1E7A4F7556}") = "LvmendesClienteApi", "LvmendesClienteApi\LvmendesClienteApi.csproj", "{893899F3-E023-49A1-84D9-AED62832C180}"
EndProject
Project("{2150E333-8FDC-42A3-9474-1A3956D46DE8}") = "Uploads", "Uploads", "{525A5E75-B84D-4B67-97E9-B362F896BF73}"
EndProject
Project("{9A19103F-16F7-4668-BE54-9A1E7A4F7556}") = "Lvmendes.Entidades", "..\lvmendesUpload\Lvmendes.Entidades\Lvmendes.Entidades.csproj", "{485DFE46-2EE8-4B58-8E92-EB4B009046C8}"
EndProject
Project("{9A19103F-16F7-4668-BE54-9A1E7A4F7556}") = "lvmendes.Repositorios", "..\lvmendesUpload\lvmendes.Repositorios\lvmendes.Repositorios.csproj", "{842477E0-5008-456D-B3BE-AA9E65FB40FE}"
EndProject
Project("{9A19103F-16F7-4668-BE54-9A1E7A4F7556}") = "lvmendes.Servicos", "..\lvmendesUpload\lvmendes.Servicos\lvmendes.Servicos.csproj", "{556CB2F6-CCB7-424B-8865-FD97E7ABF2AD}"
EndProject
Project("{9A19103F-16F7-4668-BE54-9A1E7A4F7556}") = "Lvmendes.UploadApi", "Lvmendes.UploadApi\Lvmendes.UploadApi.csproj", "{67225DD7-84AA-41B5-B0E0-3747FE14ECC9}"
EndProject
Project("{2150E333-8FDC-42A3-9474-1A3956D46DE8}") = "_Turismo", "_Turismo", "{23BFF33A-D109-403C-9C40-982217215FA0}"
EndProject
Project("{9A19103F-16F7-4668-BE54-9A1E7A4F7556}") = "Lvmendes.Entidades", "..\LvmendesTurismo\Lvmendes.Entidades\Lvmendes.Entidades.csproj", "{A73E6B2D-C4A4-4A8A-9381-2CFBEF9DE292}"
EndProject
Project("{9A19103F-16F7-4668-BE54-9A1E7A4F7556}") = "lvmendes.Repositorios", "..\LvmendesTurismo\lvmendes.Repositorios\lvmendes.Repositorios.csproj", "{6343EC76-603D-4D93-B3A1-EB62E3F560DE}"
EndProject
Project("{9A19103F-16F7-4668-BE54-9A1E7A4F7556}") = "lvmendes.Servicos", "..\LvmendesTurismo\lvmendes.Servicos\lvmendes.Servicos.csproj", "{AD0DBD78-6CFA-4969-935B-62DC7D19A11B}"
EndProject
Project("{9A19103F-16F7-4668-BE54-9A1E7A4F7556}") = "TurismoApi", "..\LvmendesTurismo\TurismoApi\TurismoApi.csproj", "{1839C69E-6EBD-46BA-8EAD-A2D812CE8ED2}"
EndProject
Project("{2150E333-8FDC-42A3-9474-1A3956D46DE8}") = "_restaurante", "_restaurante", "{D58BBB31-79A7-4081-BD4F-785D29DECA69}"
EndProject
Project("{9A19103F-16F7-4668-BE54-9A1E7A4F7556}") = "Lvmendes.Entidades", "..\LvmendesRestaurante\Lvmendes.Entidades\Lvmendes.Entidades.csproj", "{FE607207-E545-4764-AE86-15D325E8014A}"
EndProject
Project("{9A19103F-16F7-4668-BE54-9A1E7A4F7556}") = "lvmendes.Repositorios", "..\LvmendesRestaurante\lvmendes.Repositorios\lvmendes.Repositorios.csproj", "{3AAE6E04-19A0-42F9-90D3-8FAC01C82A71}"
EndProject
Project("{9A19103F-16F7-4668-BE54-9A1E7A4F7556}") = "lvmendes.Servicos", "..\LvmendesRestaurante\lvmendes.Servicos\lvmendes.Servicos.csproj", "{3290EB87-205F-40E7-BEBE-0FDAF2863380}"
EndProject
Project("{9A19103F-16F7-4668-BE54-9A1E7A4F7556}") = "Api", "..\LvmendesRestaurante\Api\Api.csproj", "{040BDE41-ED99-4751-9CF8-AAB2BA745179}"
EndProject
Global
	GlobalSection(SolutionConfigurationPlatforms) = preSolution
		Debug|Any CPU = Debug|Any CPU
		Release|Any CPU = Release|Any CPU
	EndGlobalSection
	GlobalSection(ProjectConfigurationPlatforms) = postSolution
		{4EE9FF2B-BD35-4255-9688-3644EDAB3FA9}.Debug|Any CPU.ActiveCfg = Debug|Any CPU
		{4EE9FF2B-BD35-4255-9688-3644EDAB3FA9}.Debug|Any CPU.Build.0 = Debug|Any CPU
		{4EE9FF2B-BD35-4255-9688-3644EDAB3FA9}.Release|Any CPU.ActiveCfg = Release|Any CPU
		{4EE9FF2B-BD35-4255-9688-3644EDAB3FA9}.Release|Any CPU.Build.0 = Release|Any CPU
		{DBF09021-6CE0-46CA-A667-E90B36E5F2AB}.Debug|Any CPU.ActiveCfg = Debug|Any CPU
		{DBF09021-6CE0-46CA-A667-E90B36E5F2AB}.Debug|Any CPU.Build.0 = Debug|Any CPU
		{DBF09021-6CE0-46CA-A667-E90B36E5F2AB}.Release|Any CPU.ActiveCfg = Release|Any CPU
		{DBF09021-6CE0-46CA-A667-E90B36E5F2AB}.Release|Any CPU.Build.0 = Release|Any CPU
		{CE430EA2-CC1E-419A-A01D-B37D3A95C380}.Debug|Any CPU.ActiveCfg = Debug|Any CPU
		{CE430EA2-CC1E-419A-A01D-B37D3A95C380}.Debug|Any CPU.Build.0 = Debug|Any CPU
		{CE430EA2-CC1E-419A-A01D-B37D3A95C380}.Release|Any CPU.ActiveCfg = Release|Any CPU
		{CE430EA2-CC1E-419A-A01D-B37D3A95C380}.Release|Any CPU.Build.0 = Release|Any CPU
		{CF366B80-6438-4EF7-BC45-91DA4CD7C96E}.Debug|Any CPU.ActiveCfg = Debug|Any CPU
		{CF366B80-6438-4EF7-BC45-91DA4CD7C96E}.Debug|Any CPU.Build.0 = Debug|Any CPU
		{CF366B80-6438-4EF7-BC45-91DA4CD7C96E}.Release|Any CPU.ActiveCfg = Release|Any CPU
		{CF366B80-6438-4EF7-BC45-91DA4CD7C96E}.Release|Any CPU.Build.0 = Release|Any CPU
		{4415F057-02D5-49FC-8AFB-8801C57EDB7D}.Debug|Any CPU.ActiveCfg = Debug|Any CPU
		{4415F057-02D5-49FC-8AFB-8801C57EDB7D}.Debug|Any CPU.Build.0 = Debug|Any CPU
		{4415F057-02D5-49FC-8AFB-8801C57EDB7D}.Release|Any CPU.ActiveCfg = Release|Any CPU
		{4415F057-02D5-49FC-8AFB-8801C57EDB7D}.Release|Any CPU.Build.0 = Release|Any CPU
		{8F36CC97-5761-4ED6-8A07-A257C823B5FE}.Debug|Any CPU.ActiveCfg = Debug|Any CPU
		{8F36CC97-5761-4ED6-8A07-A257C823B5FE}.Debug|Any CPU.Build.0 = Debug|Any CPU
		{8F36CC97-5761-4ED6-8A07-A257C823B5FE}.Release|Any CPU.ActiveCfg = Release|Any CPU
		{8F36CC97-5761-4ED6-8A07-A257C823B5FE}.Release|Any CPU.Build.0 = Release|Any CPU
		{AA4C91BE-7CD9-4CE8-8323-A67DFFA7443E}.Debug|Any CPU.ActiveCfg = Debug|Any CPU
		{AA4C91BE-7CD9-4CE8-8323-A67DFFA7443E}.Debug|Any CPU.Build.0 = Debug|Any CPU
		{AA4C91BE-7CD9-4CE8-8323-A67DFFA7443E}.Release|Any CPU.ActiveCfg = Release|Any CPU
		{AA4C91BE-7CD9-4CE8-8323-A67DFFA7443E}.Release|Any CPU.Build.0 = Release|Any CPU
		{55BC67F9-3393-4314-B5DF-AD2E779DAD34}.Debug|Any CPU.ActiveCfg = Debug|Any CPU
		{55BC67F9-3393-4314-B5DF-AD2E779DAD34}.Debug|Any CPU.Build.0 = Debug|Any CPU
		{55BC67F9-3393-4314-B5DF-AD2E779DAD34}.Release|Any CPU.ActiveCfg = Release|Any CPU
		{55BC67F9-3393-4314-B5DF-AD2E779DAD34}.Release|Any CPU.Build.0 = Release|Any CPU
		{D50F4863-A9F6-4661-A7AB-C9C0DCF4BC76}.Debug|Any CPU.ActiveCfg = Debug|Any CPU
		{D50F4863-A9F6-4661-A7AB-C9C0DCF4BC76}.Debug|Any CPU.Build.0 = Debug|Any CPU
		{D50F4863-A9F6-4661-A7AB-C9C0DCF4BC76}.Release|Any CPU.ActiveCfg = Release|Any CPU
		{D50F4863-A9F6-4661-A7AB-C9C0DCF4BC76}.Release|Any CPU.Build.0 = Release|Any CPU
		{D143D929-089A-4334-944A-A8E66B43D4B5}.Debug|Any CPU.ActiveCfg = Debug|Any CPU
		{D143D929-089A-4334-944A-A8E66B43D4B5}.Debug|Any CPU.Build.0 = Debug|Any CPU
		{D143D929-089A-4334-944A-A8E66B43D4B5}.Release|Any CPU.ActiveCfg = Release|Any CPU
		{D143D929-089A-4334-944A-A8E66B43D4B5}.Release|Any CPU.Build.0 = Release|Any CPU
		{A3A84F31-1FE0-4F5A-AB9F-8382A40C85AB}.Debug|Any CPU.ActiveCfg = Debug|Any CPU
		{A3A84F31-1FE0-4F5A-AB9F-8382A40C85AB}.Debug|Any CPU.Build.0 = Debug|Any CPU
		{A3A84F31-1FE0-4F5A-AB9F-8382A40C85AB}.Release|Any CPU.ActiveCfg = Release|Any CPU
		{A3A84F31-1FE0-4F5A-AB9F-8382A40C85AB}.Release|Any CPU.Build.0 = Release|Any CPU
		{753C12C9-7270-486C-910E-5B46049628D3}.Debug|Any CPU.ActiveCfg = Debug|Any CPU
		{753C12C9-7270-486C-910E-5B46049628D3}.Debug|Any CPU.Build.0 = Debug|Any CPU
		{753C12C9-7270-486C-910E-5B46049628D3}.Release|Any CPU.ActiveCfg = Release|Any CPU
		{753C12C9-7270-486C-910E-5B46049628D3}.Release|Any CPU.Build.0 = Release|Any CPU
		{D3130768-F853-4B23-B831-CEC3981E7CAE}.Debug|Any CPU.ActiveCfg = Debug|Any CPU
		{D3130768-F853-4B23-B831-CEC3981E7CAE}.Debug|Any CPU.Build.0 = Debug|Any CPU
		{D3130768-F853-4B23-B831-CEC3981E7CAE}.Release|Any CPU.ActiveCfg = Release|Any CPU
		{D3130768-F853-4B23-B831-CEC3981E7CAE}.Release|Any CPU.Build.0 = Release|Any CPU
		{7DCB7529-6C30-4B88-9B8A-285F8FD78344}.Debug|Any CPU.ActiveCfg = Debug|Any CPU
		{7DCB7529-6C30-4B88-9B8A-285F8FD78344}.Debug|Any CPU.Build.0 = Debug|Any CPU
		{7DCB7529-6C30-4B88-9B8A-285F8FD78344}.Release|Any CPU.ActiveCfg = Release|Any CPU
		{7DCB7529-6C30-4B88-9B8A-285F8FD78344}.Release|Any CPU.Build.0 = Release|Any CPU
		{17DC688F-B139-4ECF-AA9D-AE12A84BF679}.Debug|Any CPU.ActiveCfg = Debug|Any CPU
		{17DC688F-B139-4ECF-AA9D-AE12A84BF679}.Debug|Any CPU.Build.0 = Debug|Any CPU
		{17DC688F-B139-4ECF-AA9D-AE12A84BF679}.Release|Any CPU.ActiveCfg = Release|Any CPU
		{17DC688F-B139-4ECF-AA9D-AE12A84BF679}.Release|Any CPU.Build.0 = Release|Any CPU
		{15850426-0B83-40C1-8D0C-E772D9B2C0D1}.Debug|Any CPU.ActiveCfg = Debug|Any CPU
		{15850426-0B83-40C1-8D0C-E772D9B2C0D1}.Debug|Any CPU.Build.0 = Debug|Any CPU
		{15850426-0B83-40C1-8D0C-E772D9B2C0D1}.Release|Any CPU.ActiveCfg = Release|Any CPU
		{15850426-0B83-40C1-8D0C-E772D9B2C0D1}.Release|Any CPU.Build.0 = Release|Any CPU
		{A09B0F32-7103-45C1-84E1-525E3708A75D}.Debug|Any CPU.ActiveCfg = Debug|Any CPU
		{A09B0F32-7103-45C1-84E1-525E3708A75D}.Debug|Any CPU.Build.0 = Debug|Any CPU
		{A09B0F32-7103-45C1-84E1-525E3708A75D}.Release|Any CPU.ActiveCfg = Release|Any CPU
		{A09B0F32-7103-45C1-84E1-525E3708A75D}.Release|Any CPU.Build.0 = Release|Any CPU
		{893899F3-E023-49A1-84D9-AED62832C180}.Debug|Any CPU.ActiveCfg = Debug|Any CPU
		{893899F3-E023-49A1-84D9-AED62832C180}.Debug|Any CPU.Build.0 = Debug|Any CPU
		{893899F3-E023-49A1-84D9-AED62832C180}.Release|Any CPU.ActiveCfg = Release|Any CPU
		{893899F3-E023-49A1-84D9-AED62832C180}.Release|Any CPU.Build.0 = Release|Any CPU
		{485DFE46-2EE8-4B58-8E92-EB4B009046C8}.Debug|Any CPU.ActiveCfg = Debug|Any CPU
		{485DFE46-2EE8-4B58-8E92-EB4B009046C8}.Debug|Any CPU.Build.0 = Debug|Any CPU
		{485DFE46-2EE8-4B58-8E92-EB4B009046C8}.Release|Any CPU.ActiveCfg = Release|Any CPU
		{485DFE46-2EE8-4B58-8E92-EB4B009046C8}.Release|Any CPU.Build.0 = Release|Any CPU
		{842477E0-5008-456D-B3BE-AA9E65FB40FE}.Debug|Any CPU.ActiveCfg = Debug|Any CPU
		{842477E0-5008-456D-B3BE-AA9E65FB40FE}.Debug|Any CPU.Build.0 = Debug|Any CPU
		{842477E0-5008-456D-B3BE-AA9E65FB40FE}.Release|Any CPU.ActiveCfg = Release|Any CPU
		{842477E0-5008-456D-B3BE-AA9E65FB40FE}.Release|Any CPU.Build.0 = Release|Any CPU
		{556CB2F6-CCB7-424B-8865-FD97E7ABF2AD}.Debug|Any CPU.ActiveCfg = Debug|Any CPU
		{556CB2F6-CCB7-424B-8865-FD97E7ABF2AD}.Debug|Any CPU.Build.0 = Debug|Any CPU
		{556CB2F6-CCB7-424B-8865-FD97E7ABF2AD}.Release|Any CPU.ActiveCfg = Release|Any CPU
		{556CB2F6-CCB7-424B-8865-FD97E7ABF2AD}.Release|Any CPU.Build.0 = Release|Any CPU
		{67225DD7-84AA-41B5-B0E0-3747FE14ECC9}.Debug|Any CPU.ActiveCfg = Debug|Any CPU
		{67225DD7-84AA-41B5-B0E0-3747FE14ECC9}.Debug|Any CPU.Build.0 = Debug|Any CPU
		{67225DD7-84AA-41B5-B0E0-3747FE14ECC9}.Release|Any CPU.ActiveCfg = Release|Any CPU
		{67225DD7-84AA-41B5-B0E0-3747FE14ECC9}.Release|Any CPU.Build.0 = Release|Any CPU
		{A73E6B2D-C4A4-4A8A-9381-2CFBEF9DE292}.Debug|Any CPU.ActiveCfg = Debug|Any CPU
		{A73E6B2D-C4A4-4A8A-9381-2CFBEF9DE292}.Debug|Any CPU.Build.0 = Debug|Any CPU
		{A73E6B2D-C4A4-4A8A-9381-2CFBEF9DE292}.Release|Any CPU.ActiveCfg = Release|Any CPU
		{A73E6B2D-C4A4-4A8A-9381-2CFBEF9DE292}.Release|Any CPU.Build.0 = Release|Any CPU
		{6343EC76-603D-4D93-B3A1-EB62E3F560DE}.Debug|Any CPU.ActiveCfg = Debug|Any CPU
		{6343EC76-603D-4D93-B3A1-EB62E3F560DE}.Debug|Any CPU.Build.0 = Debug|Any CPU
		{6343EC76-603D-4D93-B3A1-EB62E3F560DE}.Release|Any CPU.ActiveCfg = Release|Any CPU
		{6343EC76-603D-4D93-B3A1-EB62E3F560DE}.Release|Any CPU.Build.0 = Release|Any CPU
		{AD0DBD78-6CFA-4969-935B-62DC7D19A11B}.Debug|Any CPU.ActiveCfg = Debug|Any CPU
		{AD0DBD78-6CFA-4969-935B-62DC7D19A11B}.Debug|Any CPU.Build.0 = Debug|Any CPU
		{AD0DBD78-6CFA-4969-935B-62DC7D19A11B}.Release|Any CPU.ActiveCfg = Release|Any CPU
		{AD0DBD78-6CFA-4969-935B-62DC7D19A11B}.Release|Any CPU.Build.0 = Release|Any CPU
		{1839C69E-6EBD-46BA-8EAD-A2D812CE8ED2}.Debug|Any CPU.ActiveCfg = Debug|Any CPU
		{1839C69E-6EBD-46BA-8EAD-A2D812CE8ED2}.Debug|Any CPU.Build.0 = Debug|Any CPU
		{1839C69E-6EBD-46BA-8EAD-A2D812CE8ED2}.Release|Any CPU.ActiveCfg = Release|Any CPU
		{1839C69E-6EBD-46BA-8EAD-A2D812CE8ED2}.Release|Any CPU.Build.0 = Release|Any CPU
		{FE607207-E545-4764-AE86-15D325E8014A}.Debug|Any CPU.ActiveCfg = Debug|Any CPU
		{FE607207-E545-4764-AE86-15D325E8014A}.Debug|Any CPU.Build.0 = Debug|Any CPU
		{FE607207-E545-4764-AE86-15D325E8014A}.Release|Any CPU.ActiveCfg = Release|Any CPU
		{FE607207-E545-4764-AE86-15D325E8014A}.Release|Any CPU.Build.0 = Release|Any CPU
		{3AAE6E04-19A0-42F9-90D3-8FAC01C82A71}.Debug|Any CPU.ActiveCfg = Debug|Any CPU
		{3AAE6E04-19A0-42F9-90D3-8FAC01C82A71}.Debug|Any CPU.Build.0 = Debug|Any CPU
		{3AAE6E04-19A0-42F9-90D3-8FAC01C82A71}.Release|Any CPU.ActiveCfg = Release|Any CPU
		{3AAE6E04-19A0-42F9-90D3-8FAC01C82A71}.Release|Any CPU.Build.0 = Release|Any CPU
		{3290EB87-205F-40E7-BEBE-0FDAF2863380}.Debug|Any CPU.ActiveCfg = Debug|Any CPU
		{3290EB87-205F-40E7-BEBE-0FDAF2863380}.Debug|Any CPU.Build.0 = Debug|Any CPU
		{3290EB87-205F-40E7-BEBE-0FDAF2863380}.Release|Any CPU.ActiveCfg = Release|Any CPU
		{3290EB87-205F-40E7-BEBE-0FDAF2863380}.Release|Any CPU.Build.0 = Release|Any CPU
		{040BDE41-ED99-4751-9CF8-AAB2BA745179}.Debug|Any CPU.ActiveCfg = Debug|Any CPU
		{040BDE41-ED99-4751-9CF8-AAB2BA745179}.Debug|Any CPU.Build.0 = Debug|Any CPU
		{040BDE41-ED99-4751-9CF8-AAB2BA745179}.Release|Any CPU.ActiveCfg = Release|Any CPU
		{040BDE41-ED99-4751-9CF8-AAB2BA745179}.Release|Any CPU.Build.0 = Release|Any CPU
	EndGlobalSection
	GlobalSection(SolutionProperties) = preSolution
		HideSolutionNode = FALSE
	EndGlobalSection
	GlobalSection(NestedProjects) = preSolution
		{4EE9FF2B-BD35-4255-9688-3644EDAB3FA9} = {76979C2A-8A40-48A4-A649-DA6D2003444C}
		{DBF09021-6CE0-46CA-A667-E90B36E5F2AB} = {76979C2A-8A40-48A4-A649-DA6D2003444C}
		{CE430EA2-CC1E-419A-A01D-B37D3A95C380} = {76979C2A-8A40-48A4-A649-DA6D2003444C}
		{CF366B80-6438-4EF7-BC45-91DA4CD7C96E} = {8D0EF6CC-85CA-45F0-B02F-70A8337894F8}
		{4415F057-02D5-49FC-8AFB-8801C57EDB7D} = {8D0EF6CC-85CA-45F0-B02F-70A8337894F8}
		{8F36CC97-5761-4ED6-8A07-A257C823B5FE} = {8D0EF6CC-85CA-45F0-B02F-70A8337894F8}
		{AA4C91BE-7CD9-4CE8-8323-A67DFFA7443E} = {970551B7-8B58-4AC8-A815-A178C4FE9D87}
		{55BC67F9-3393-4314-B5DF-AD2E779DAD34} = {970551B7-8B58-4AC8-A815-A178C4FE9D87}
		{D50F4863-A9F6-4661-A7AB-C9C0DCF4BC76} = {970551B7-8B58-4AC8-A815-A178C4FE9D87}
		{D143D929-089A-4334-944A-A8E66B43D4B5} = {970551B7-8B58-4AC8-A815-A178C4FE9D87}
		{A3A84F31-1FE0-4F5A-AB9F-8382A40C85AB} = {8D0EF6CC-85CA-45F0-B02F-70A8337894F8}
		{753C12C9-7270-486C-910E-5B46049628D3} = {76979C2A-8A40-48A4-A649-DA6D2003444C}
		{D3130768-F853-4B23-B831-CEC3981E7CAE} = {76979C2A-8A40-48A4-A649-DA6D2003444C}
		{7DCB7529-6C30-4B88-9B8A-285F8FD78344} = {76979C2A-8A40-48A4-A649-DA6D2003444C}
		{17DC688F-B139-4ECF-AA9D-AE12A84BF679} = {65BCF718-0BAC-4EA5-B0D6-9FCEF1C13527}
		{15850426-0B83-40C1-8D0C-E772D9B2C0D1} = {65BCF718-0BAC-4EA5-B0D6-9FCEF1C13527}
		{A09B0F32-7103-45C1-84E1-525E3708A75D} = {65BCF718-0BAC-4EA5-B0D6-9FCEF1C13527}
		{893899F3-E023-49A1-84D9-AED62832C180} = {65BCF718-0BAC-4EA5-B0D6-9FCEF1C13527}
		{485DFE46-2EE8-4B58-8E92-EB4B009046C8} = {525A5E75-B84D-4B67-97E9-B362F896BF73}
		{842477E0-5008-456D-B3BE-AA9E65FB40FE} = {525A5E75-B84D-4B67-97E9-B362F896BF73}
		{556CB2F6-CCB7-424B-8865-FD97E7ABF2AD} = {525A5E75-B84D-4B67-97E9-B362F896BF73}
		{67225DD7-84AA-41B5-B0E0-3747FE14ECC9} = {525A5E75-B84D-4B67-97E9-B362F896BF73}
		{A73E6B2D-C4A4-4A8A-9381-2CFBEF9DE292} = {23BFF33A-D109-403C-9C40-982217215FA0}
		{6343EC76-603D-4D93-B3A1-EB62E3F560DE} = {23BFF33A-D109-403C-9C40-982217215FA0}
		{AD0DBD78-6CFA-4969-935B-62DC7D19A11B} = {23BFF33A-D109-403C-9C40-982217215FA0}
		{1839C69E-6EBD-46BA-8EAD-A2D812CE8ED2} = {23BFF33A-D109-403C-9C40-982217215FA0}
		{FE607207-E545-4764-AE86-15D325E8014A} = {D58BBB31-79A7-4081-BD4F-785D29DECA69}
		{3AAE6E04-19A0-42F9-90D3-8FAC01C82A71} = {D58BBB31-79A7-4081-BD4F-785D29DECA69}
		{3290EB87-205F-40E7-BEBE-0FDAF2863380} = {D58BBB31-79A7-4081-BD4F-785D29DECA69}
		{040BDE41-ED99-4751-9CF8-AAB2BA745179} = {D58BBB31-79A7-4081-BD4F-785D29DECA69}
	EndGlobalSection
	GlobalSection(ExtensibilityGlobals) = postSolution
		SolutionGuid = {8F68EC72-11FB-4AAD-8A70-EED8E08B11AC}
	EndGlobalSection
EndGlobal
